
Microsoft Visual Studio Solution File, Format Version 12.00
# Visual Studio Version 16
VisualStudioVersion = 16.0.30114.105
MinimumVisualStudioVersion = 10.0.40219.1
Project("{FAE04EC0-301F-11D3-BF4B-00C04F79EFBC}") = "SatelliteLocator", "SatelliteLocator\SatelliteLocator.csproj", "{B4E94659-B4D7-4224-A297-589E28F26B02}"
EndProject
Project("{FAE04EC0-301F-11D3-BF4B-00C04F79EFBC}") = "TestProgram", "TestProgram\TestProgram.csproj", "{740BA9CB-EE12-4102-AFDD-EA829B560667}"
EndProject
Project("{FAE04EC0-301F-11D3-BF4B-00C04F79EFBC}") = "StationLocator", "StationLocator\StationLocator.csproj", "{1EEB6FAD-421D-43F0-9FE6-C27188FE3D5D}"
EndProject
Global
	GlobalSection(SolutionConfigurationPlatforms) = preSolution
		Debug|Any CPU = Debug|Any CPU
		Release|Any CPU = Release|Any CPU
	EndGlobalSection
	GlobalSection(ProjectConfigurationPlatforms) = postSolution
		{B4E94659-B4D7-4224-A297-589E28F26B02}.Debug|Any CPU.ActiveCfg = Debug|Any CPU
		{B4E94659-B4D7-4224-A297-589E28F26B02}.Debug|Any CPU.Build.0 = Debug|Any CPU
		{B4E94659-B4D7-4224-A297-589E28F26B02}.Release|Any CPU.ActiveCfg = Release|Any CPU
		{B4E94659-B4D7-4224-A297-589E28F26B02}.Release|Any CPU.Build.0 = Release|Any CPU
		{740BA9CB-EE12-4102-AFDD-EA829B560667}.Debug|Any CPU.ActiveCfg = Debug|Any CPU
		{740BA9CB-EE12-4102-AFDD-EA829B560667}.Debug|Any CPU.Build.0 = Debug|Any CPU
		{740BA9CB-EE12-4102-AFDD-EA829B560667}.Release|Any CPU.ActiveCfg = Release|Any CPU
		{740BA9CB-EE12-4102-AFDD-EA829B560667}.Release|Any CPU.Build.0 = Release|Any CPU
		{1EEB6FAD-421D-43F0-9FE6-C27188FE3D5D}.Debug|Any CPU.ActiveCfg = Debug|Any CPU
		{1EEB6FAD-421D-43F0-9FE6-C27188FE3D5D}.Debug|Any CPU.Build.0 = Debug|Any CPU
		{1EEB6FAD-421D-43F0-9FE6-C27188FE3D5D}.Release|Any CPU.ActiveCfg = Release|Any CPU
		{1EEB6FAD-421D-43F0-9FE6-C27188FE3D5D}.Release|Any CPU.Build.0 = Release|Any CPU
	EndGlobalSection
	GlobalSection(SolutionProperties) = preSolution
		HideSolutionNode = FALSE
	EndGlobalSection
	GlobalSection(ExtensibilityGlobals) = postSolution
		SolutionGuid = {44985A01-A547-4CF6-8222-CEDA789E70A7}
	EndGlobalSection
EndGlobal
